{
  "name": "qn-webpack",
  "version": "1.0.5",
  "lockfileVersion": 1,
  "requires": true,
  "dependencies": {
    "ansi-regex": {
      "version": "2.1.1",
      "resolved": "http://registry.npm.taobao.org/ansi-regex/download/ansi-regex-2.1.1.tgz",
      "integrity": "sha1-w7M6te42DYbg5ijwRorn7yfWVN8="
    },
    "ansi-styles": {
      "version": "2.2.1",
      "resolved": "http://registry.npm.taobao.org/ansi-styles/download/ansi-styles-2.2.1.tgz",
      "integrity": "sha1-tDLdM1i2NM914eRmQ2gkBTPB3b4="
    },
    "asap": {
      "version": "2.0.6",
      "resolved": "http://registry.npm.taobao.org/asap/download/asap-2.0.6.tgz",
      "integrity": "sha1-5QNHYR1+aQlDIIu9r+vLwvuGbUY="
    },
    "buffer-concat": {
      "version": "0.0.1",
      "resolved": "http://registry.npm.taobao.org/buffer-concat/download/buffer-concat-0.0.1.tgz",
      "integrity": "sha1-Q+Hjx389IvtVvqaJCpLQN3jEwQo="
    },
    "caseless": {
      "version": "0.11.0",
      "resolved": "http://registry.npm.taobao.org/caseless/download/caseless-0.11.0.tgz",
      "integrity": "sha1-cVuW6phBWTzDMGeSP17GDr2k99c="
    },
    "chalk": {
      "version": "1.1.3",
      "resolved": "http://registry.npm.taobao.org/chalk/download/chalk-1.1.3.tgz",
      "integrity": "sha1-qBFcVeSnAv5NFQq9OHKCKn4J/Jg=",
      "requires": {
        "ansi-styles": "2.2.1",
        "escape-string-regexp": "1.0.5",
        "has-ansi": "2.0.0",
        "strip-ansi": "3.0.1",
        "supports-color": "2.0.0"
      }
    },
    "cli-cursor": {
      "version": "2.1.0",
      "resolved": "http://registry.npm.taobao.org/cli-cursor/download/cli-cursor-2.1.0.tgz",
      "integrity": "sha1-s12sN2R5+sw+lHR9QdDQ9SOP/LU=",
      "requires": {
        "restore-cursor": "2.0.0"
      }
    },
    "cli-spinners": {
      "version": "1.0.0",
      "resolved": "http://registry.npm.taobao.org/cli-spinners/download/cli-spinners-1.0.0.tgz",
      "integrity": "sha1-75h+09SDkaw9q5GAtAanQhgNbmo="
    },
    "concat-stream": {
      "version": "1.6.0",
      "resolved": "http://registry.npm.taobao.org/concat-stream/download/concat-stream-1.6.0.tgz",
      "integrity": "sha1-CqxmL9Ur54lk1VMvaUeE5wEQrPc=",
      "requires": {
        "inherits": "2.0.3",
        "readable-stream": "2.3.3",
        "typedarray": "0.0.6"
      }
    },
    "core-util-is": {
      "version": "1.0.2",
      "resolved": "http://registry.npm.taobao.org/core-util-is/download/core-util-is-1.0.2.tgz",
      "integrity": "sha1-tf1UIgqivFq1eqtxQMlAdUUDwac="
    },
    "crc32": {
      "version": "0.2.2",
      "resolved": "http://registry.npm.taobao.org/crc32/download/crc32-0.2.2.tgz",
      "integrity": "sha1-etIg1v/c0Rn5/BJ6d3LKzqOQpLo="
    },
    "debug": {
      "version": "0.7.2",
      "resolved": "http://registry.npm.taobao.org/debug/download/debug-0.7.2.tgz",
      "integrity": "sha1-BWaSyGZwl38RXegpF5GLjouaEPA="
    },
    "escape-string-regexp": {
      "version": "1.0.5",
      "resolved": "http://registry.npm.taobao.org/escape-string-regexp/download/escape-string-regexp-1.0.5.tgz",
      "integrity": "sha1-G2HAViGQqN/2rjuyzwIAyhMLhtQ="
    },
    "formstream": {
      "version": "0.0.7",
      "resolved": "http://registry.npm.taobao.org/formstream/download/formstream-0.0.7.tgz",
      "integrity": "sha1-mB0ANnQ1lsVIIO49+0S6yhg0l4g=",
      "requires": {
        "buffer-concat": "0.0.1",
        "mime": "1.2.9",
        "pause-stream": "0.0.11"
      }
    },
    "has-ansi": {
      "version": "2.0.0",
      "resolved": "http://registry.npm.taobao.org/has-ansi/download/has-ansi-2.0.0.tgz",
      "integrity": "sha1-NPUEnOHs3ysGSa8+8k5F7TVBbZE=",
      "requires": {
        "ansi-regex": "2.1.1"
      }
    },
    "http-basic": {
      "version": "2.5.1",
      "resolved": "http://registry.npm.taobao.org/http-basic/download/http-basic-2.5.1.tgz",
      "integrity": "sha1-jORHvbW2xXf4pj4/p4BW7Eu02/s=",
      "requires": {
        "caseless": "0.11.0",
        "concat-stream": "1.6.0",
        "http-response-object": "1.1.0"
      }
    },
    "http-response-object": {
      "version": "1.1.0",
      "resolved": "http://registry.npm.taobao.org/http-response-object/download/http-response-object-1.1.0.tgz",
      "integrity": "sha1-p8TnWq6C87tJBOT0P2FWc7TVGMM="
    },
    "inherits": {
      "version": "2.0.3",
      "resolved": "http://registry.npm.taobao.org/inherits/download/inherits-2.0.3.tgz",
      "integrity": "sha1-Yzwsg+PaQqUC9SRmAiSA9CCCYd4="
    },
    "isarray": {
      "version": "1.0.0",
      "resolved": "http://registry.npm.taobao.org/isarray/download/isarray-1.0.0.tgz",
      "integrity": "sha1-u5NdSFgsuhaMBoNJV6VKPgcSTxE="
    },
    "lodash.isregexp": {
      "version": "https://registry.npm.taobao.org/lodash.isregexp/download/lodash.isregexp-4.0.1.tgz",
      "integrity": "sha1-4T5kezDNVZdSoEzZEghvr32hwws="
    },
    "log-symbols": {
      "version": "1.0.2",
      "resolved": "http://registry.npm.taobao.org/log-symbols/download/log-symbols-1.0.2.tgz",
      "integrity": "sha1-N2/3tY6jCGoPCfrMdGF+ylAeGhg=",
      "requires": {
        "chalk": "1.1.3"
      }
    },
    "mime": {
      "version": "1.2.9",
      "resolved": "http://registry.npm.taobao.org/mime/download/mime-1.2.9.tgz",
      "integrity": "sha1-AJzUCGe9Nd5SGzuWbwTi+NTRPQk="
    },
    "mimic-fn": {
      "version": "1.1.0",
      "resolved": "http://registry.npm.taobao.org/mimic-fn/download/mimic-fn-1.1.0.tgz",
      "integrity": "sha1-5md4PZLonb00KBi1IwudYqZyrRg="
    },
    "onetime": {
      "version": "2.0.1",
      "resolved": "http://registry.npm.taobao.org/onetime/download/onetime-2.0.1.tgz",
      "integrity": "sha1-BnQoIw/WdEOyeUsiu6UotoZ5YtQ=",
      "requires": {
        "mimic-fn": "1.1.0"
      }
    },
    "ora": {
      "version": "1.3.0",
      "resolved": "http://registry.npm.taobao.org/ora/download/ora-1.3.0.tgz",
      "integrity": "sha1-gAeN0rkqk0r2ajrXKluRBpTt5Ro=",
      "requires": {
        "chalk": "1.1.3",
        "cli-cursor": "2.1.0",
        "cli-spinners": "1.0.0",
        "log-symbols": "1.0.2"
      }
    },
    "pause-stream": {
      "version": "0.0.11",
      "resolved": "http://registry.npm.taobao.org/pause-stream/download/pause-stream-0.0.11.tgz",
      "integrity": "sha1-/lo0sMvOErWqaitAPuLnO2AvFEU=",
      "requires": {
        "through": "2.3.8"
      }
    },
    "process-nextick-args": {
      "version": "1.0.7",
      "resolved": "http://registry.npm.taobao.org/process-nextick-args/download/process-nextick-args-1.0.7.tgz",
      "integrity": "sha1-FQ4gt1ZZCtP5EJPyWk8q2L/zC6M="
    },
    "promise": {
      "version": "7.3.1",
      "resolved": "http://registry.npm.taobao.org/promise/download/promise-7.3.1.tgz",
      "integrity": "sha1-BktyYCsY+Q8pGSuLG8QY/9Hr078=",
      "requires": {
        "asap": "2.0.6"
      }
    },
    "qiniu": {
      "version": "6.1.13",
      "resolved": "http://registry.npm.taobao.org/qiniu/download/qiniu-6.1.13.tgz",
      "integrity": "sha1-V/XWCXTGTYhx2A8n331DIRrjTwM=",
      "requires": {
        "crc32": "0.2.2",
        "formstream": "0.0.7",
        "mime": "1.2.9",
        "sync-request": "3.0.1",
        "urllib": "0.5.1"
      }
    },
    "qs": {
      "version": "6.5.0",
      "resolved": "http://registry.npm.taobao.org/qs/download/qs-6.5.0.tgz",
      "integrity": "sha1-jQSVTTZN7z78VbWgeT4eLIsebkk="
    },
    "readable-stream": {
      "version": "2.3.3",
      "resolved": "http://registry.npm.taobao.org/readable-stream/download/readable-stream-2.3.3.tgz",
      "integrity": "sha1-No8lEtefnUb9/HE0mueHi7weuVw=",
      "requires": {
        "core-util-is": "1.0.2",
        "inherits": "2.0.3",
        "isarray": "1.0.0",
        "process-nextick-args": "1.0.7",
        "safe-buffer": "5.1.1",
        "string_decoder": "1.0.3",
        "util-deprecate": "1.0.2"
      }
    },
    "restore-cursor": {
      "version": "2.0.0",
      "resolved": "http://registry.npm.taobao.org/restore-cursor/download/restore-cursor-2.0.0.tgz",
      "integrity": "sha1-n37ih/gv0ybU/RYpI9YhKe7g368=",
      "requires": {
        "onetime": "2.0.1",
        "signal-exit": "3.0.2"
      }
    },
    "safe-buffer": {
      "version": "5.1.1",
      "resolved": "http://registry.npm.taobao.org/safe-buffer/download/safe-buffer-5.1.1.tgz",
      "integrity": "sha1-iTMSr2myEj3vcfV4iQAWce6yyFM="
    },
    "signal-exit": {
      "version": "3.0.2",
      "resolved": "http://registry.npm.taobao.org/signal-exit/download/signal-exit-3.0.2.tgz",
      "integrity": "sha1-tf3AjxKH6hF4Yo5BXiUTK3NkbG0="
    },
    "string_decoder": {
      "version": "1.0.3",
      "resolved": "http://registry.npm.taobao.org/string_decoder/download/string_decoder-1.0.3.tgz",
      "integrity": "sha1-D8Z9fBQYJd6UKC3VNr7GubzoYKs=",
      "requires": {
        "safe-buffer": "5.1.1"
      }
    },
    "strip-ansi": {
      "version": "3.0.1",
      "resolved": "http://registry.npm.taobao.org/strip-ansi/download/strip-ansi-3.0.1.tgz",
      "integrity": "sha1-ajhfuIU9lS1f8F0Oiq+UJ43GPc8=",
      "requires": {
        "ansi-regex": "2.1.1"
      }
    },
    "supports-color": {
      "version": "2.0.0",
      "resolved": "http://registry.npm.taobao.org/supports-color/download/supports-color-2.0.0.tgz",
      "integrity": "sha1-U10EXOa2Nj+kARcIRimZXp3zJMc="
    },
    "sync-request": {
      "version": "3.0.1",
      "resolved": "http://registry.npm.taobao.org/sync-request/download/sync-request-3.0.1.tgz",
      "integrity": "sha1-yqEjWq+Im6UBB2oYNMQ2gwqC+3M=",
      "requires": {
        "concat-stream": "1.6.0",
        "http-response-object": "1.1.0",
        "then-request": "2.2.0"
      }
    },
    "then-request": {
      "version": "2.2.0",
      "resolved": "http://registry.npm.taobao.org/then-request/download/then-request-2.2.0.tgz",
      "integrity": "sha1-ZnizL6DKIY/laZgbvYhxtZQGDYE=",
      "requires": {
        "caseless": "0.11.0",
        "concat-stream": "1.6.0",
        "http-basic": "2.5.1",
        "http-response-object": "1.1.0",
        "promise": "7.3.1",
        "qs": "6.5.0"
      }
    },
    "through": {
      "version": "2.3.8",
      "resolved": "http://registry.npm.taobao.org/through/download/through-2.3.8.tgz",
      "integrity": "sha1-DdTJ/6q8NXlgsbckEV1+Doai4fU="
    },
    "typedarray": {
      "version": "0.0.6",
      "resolved": "http://registry.npm.taobao.org/typedarray/download/typedarray-0.0.6.tgz",
      "integrity": "sha1-hnrHTjhkGHsdPUfZlqeOxciDB3c="
    },
    "urllib": {
      "version": "0.5.1",
      "resolved": "http://registry.npm.taobao.org/urllib/download/urllib-0.5.1.tgz",
      "integrity": "sha1-niVrK3A9/gpZY3yw27QwjtVxlxs=",
      "requires": {
        "buffer-concat": "0.0.1",
        "debug": "0.7.2"
      }
    },
    "util-deprecate": {
      "version": "1.0.2",
      "resolved": "http://registry.npm.taobao.org/util-deprecate/download/util-deprecate-1.0.2.tgz",
      "integrity": "sha1-RQ1Nyfpw3nMnYvvS1KKJgUGaDM8="
    }
  }
}
